
Microsoft Visual Studio Solution File, Format Version 12.00
# Visual Studio Version 17
VisualStudioVersion = 17.0.31903.59
MinimumVisualStudioVersion = 10.0.40219.1
Project("{FAE04EC0-301F-11D3-BF4B-00C04F79EFBC}") = "ApiIncidencePro", "ApiIncidencePro\ApiIncidencePro.csproj", "{B7B709D2-A65E-4948-9907-788AB5AC947C}"
EndProject
Project("{FAE04EC0-301F-11D3-BF4B-00C04F79EFBC}") = "Application", "Application\Application.csproj", "{BFE96B5C-85AB-4CC6-8B6C-A6FD134DEFB5}"
EndProject
Project("{FAE04EC0-301F-11D3-BF4B-00C04F79EFBC}") = "Domain", "Domain\Domain.csproj", "{2E21CF35-39F2-4353-9AF2-BAC78C7A686A}"
EndProject
Project("{FAE04EC0-301F-11D3-BF4B-00C04F79EFBC}") = "Persistence", "Persistence\Persistence.csproj", "{65096C23-CEFA-455B-8158-A90B8A892627}"
EndProject
Project("{FAE04EC0-301F-11D3-BF4B-00C04F79EFBC}") = "Security", "Security\Security.csproj", "{D46ACFF9-B216-4F8A-B858-7B73BDE25A88}"
EndProject
Global
	GlobalSection(SolutionConfigurationPlatforms) = preSolution
		Debug|Any CPU = Debug|Any CPU
		Release|Any CPU = Release|Any CPU
	EndGlobalSection
	GlobalSection(SolutionProperties) = preSolution
		HideSolutionNode = FALSE
	EndGlobalSection
	GlobalSection(ProjectConfigurationPlatforms) = postSolution
		{B7B709D2-A65E-4948-9907-788AB5AC947C}.Debug|Any CPU.ActiveCfg = Debug|Any CPU
		{B7B709D2-A65E-4948-9907-788AB5AC947C}.Debug|Any CPU.Build.0 = Debug|Any CPU
		{B7B709D2-A65E-4948-9907-788AB5AC947C}.Release|Any CPU.ActiveCfg = Release|Any CPU
		{B7B709D2-A65E-4948-9907-788AB5AC947C}.Release|Any CPU.Build.0 = Release|Any CPU
		{BFE96B5C-85AB-4CC6-8B6C-A6FD134DEFB5}.Debug|Any CPU.ActiveCfg = Debug|Any CPU
		{BFE96B5C-85AB-4CC6-8B6C-A6FD134DEFB5}.Debug|Any CPU.Build.0 = Debug|Any CPU
		{BFE96B5C-85AB-4CC6-8B6C-A6FD134DEFB5}.Release|Any CPU.ActiveCfg = Release|Any CPU
		{BFE96B5C-85AB-4CC6-8B6C-A6FD134DEFB5}.Release|Any CPU.Build.0 = Release|Any CPU
		{2E21CF35-39F2-4353-9AF2-BAC78C7A686A}.Debug|Any CPU.ActiveCfg = Debug|Any CPU
		{2E21CF35-39F2-4353-9AF2-BAC78C7A686A}.Debug|Any CPU.Build.0 = Debug|Any CPU
		{2E21CF35-39F2-4353-9AF2-BAC78C7A686A}.Release|Any CPU.ActiveCfg = Release|Any CPU
		{2E21CF35-39F2-4353-9AF2-BAC78C7A686A}.Release|Any CPU.Build.0 = Release|Any CPU
		{65096C23-CEFA-455B-8158-A90B8A892627}.Debug|Any CPU.ActiveCfg = Debug|Any CPU
		{65096C23-CEFA-455B-8158-A90B8A892627}.Debug|Any CPU.Build.0 = Debug|Any CPU
		{65096C23-CEFA-455B-8158-A90B8A892627}.Release|Any CPU.ActiveCfg = Release|Any CPU
		{65096C23-CEFA-455B-8158-A90B8A892627}.Release|Any CPU.Build.0 = Release|Any CPU
		{D46ACFF9-B216-4F8A-B858-7B73BDE25A88}.Debug|Any CPU.ActiveCfg = Debug|Any CPU
		{D46ACFF9-B216-4F8A-B858-7B73BDE25A88}.Debug|Any CPU.Build.0 = Debug|Any CPU
		{D46ACFF9-B216-4F8A-B858-7B73BDE25A88}.Release|Any CPU.ActiveCfg = Release|Any CPU
		{D46ACFF9-B216-4F8A-B858-7B73BDE25A88}.Release|Any CPU.Build.0 = Release|Any CPU
	EndGlobalSection
EndGlobal
